{
  "lockfile_version": "1",
  "packages": {
    "bat@latest": {
      "last_modified": "2026-04-23T13:07:47Z",
      "resolved": "github:NixOS/nixpkgs/01fbdeef22b76df85ea168fbfe1bfd9e63681b30#bat",
      "source": "devbox-search",
      "version": "0.26.1",
      "systems": {
        "aarch64-darwin": {
          "outputs": [
            {
              "name": "out",
              "path": "/nix/store/gh11l9hzjlhs72slb4p34i3rn7rx1m39-bat-0.26.1",
              "default": true
            }
          ],
          "store_path": "/nix/store/gh11l9hzjlhs72slb4p34i3rn7rx1m39-bat-0.26.1"
        },
        "aarch64-linux": {
          "outputs": [
            {
              "name": "out",
              "path": "/nix/store/ibqqqc405m463kk5g1ys66h4dzhaa481-bat-0.26.1",
              "default": true
            }
          ],
          "store_path": "/nix/store/ibqqqc405m463kk5g1ys66h4dzhaa481-bat-0.26.1"
        },
        "x86_64-darwin": {
          "outputs": [
            {
              "name": "out",
              "path": "/nix/store/8j4afzyp85775p864ax2jblgwkbjqvw6-bat-0.26.1",
              "default": true
            }
          ],
          "store_path": "/nix/store/8j4afzyp85775p864ax2jblgwkbjqvw6-bat-0.26.1"
        },
        "x86_64-linux": {
          "outputs": [
            {
              "name": "out",
              "path": "/nix/store/s63r3nfiy3gni9ikx2ka7cwl5hz8imzi-bat-0.26.1",
              "default": true
            }
          ],
          "store_path": "/nix/store/s63r3nfiy3gni9ikx2ka7cwl5hz8imzi-bat-0.26.1"
        }
      }
    },
    "bun@latest": {
      "last_modified": "2026-05-03T16:35:46Z",
      "resolved": "github:NixOS/nixpkgs/73c703c22422b8951895a960959dbbaca7296492#bun",
      "source": "devbox-search",
      "version": "1.3.13",
      "systems": {
        "aarch64-darwin": {
          "outputs": [
            {
              "name": "out",
              "path": "/nix/store/i4rqz2p2bayrl6pv9l36y4fzhqx7k1zv-bun-1.3.13",
              "default": true
            }
          ],
          "store_path": "/nix/store/i4rqz2p2bayrl6pv9l36y4fzhqx7k1zv-bun-1.3.13"
        },
        "aarch64-linux": {
          "outputs": [
            {
              "name": "out",
              "path": "/nix/store/1q2xsp98qhjy6rsz3nga795c3mgsjhia-bun-1.3.13",
              "default": true
            }
          ],
          "store_path": "/nix/store/1q2xsp98qhjy6rsz3nga795c3mgsjhia-bun-1.3.13"
        },
        "x86_64-darwin": {
          "outputs": [
            {
              "name": "out",
              "path": "/nix/store/31jsiwr1nq8pi4jvyjpq0zi28a4fyay0-bun-1.3.13",
              "default": true
            }
          ],
          "store_path": "/nix/store/31jsiwr1nq8pi4jvyjpq0zi28a4fyay0-bun-1.3.13"
        },
        "x86_64-linux": {
          "outputs": [
            {
              "name": "out",
              "path": "/nix/store/g0zlmqvkvn41xqva3460jfzpazivywvi-bun-1.3.13",
              "default": true
            }
          ],
          "store_path": "/nix/store/g0zlmqvkvn41xqva3460jfzpazivywvi-bun-1.3.13"
        }
      }
    },
    "devspace@latest": {
      "last_modified": "2026-04-27T06:11:55Z",
      "resolved": "github:NixOS/nixpkgs/6368eda62c9775c38ef7f714b2555a741c20c72d#devspace",
      "source": "devbox-search",
      "version": "6.3.21",
      "systems": {
        "aarch64-darwin": {
          "outputs": [
            {
              "name": "out",
              "path": "/nix/store/n2hkw11dp3jsy096mzj29hcz8qnf15cb-devspace-6.3.21",
              "default": true
            }
          ],
          "store_path": "/nix/store/n2hkw11dp3jsy096mzj29hcz8qnf15cb-devspace-6.3.21"
        },
        "aarch64-linux": {
          "outputs": [
            {
              "name": "out",
              "path": "/nix/store/rjfg0f4wf4ih7rm81yji8g9mgvnlb9x1-devspace-6.3.21",
              "default": true
            }
          ],
          "store_path": "/nix/store/rjfg0f4wf4ih7rm81yji8g9mgvnlb9x1-devspace-6.3.21"
        },
        "x86_64-darwin": {
          "outputs": [
            {
              "name": "out",
              "path": "/nix/store/zgr8fazq62izs7pry31vdv368gfrg0pb-devspace-6.3.21",
              "default": true
            }
          ],
          "store_path": "/nix/store/zgr8fazq62izs7pry31vdv368gfrg0pb-devspace-6.3.21"
        },
        "x86_64-linux": {
          "outputs": [
            {
              "name": "out",
              "path": "/nix/store/xv54hvkwhqbqlnk898cksafzbpsr9vbs-devspace-6.3.21",
              "default": true
            }
          ],
          "store_path": "/nix/store/xv54hvkwhqbqlnk898cksafzbpsr9vbs-devspace-6.3.21"
        }
      }
    },
    "eza@latest": {
      "last_modified": "2026-04-23T13:07:47Z",
      "resolved": "github:NixOS/nixpkgs/01fbdeef22b76df85ea168fbfe1bfd9e63681b30#eza",
      "source": "devbox-search",
      "version": "0.23.4",
      "systems": {
        "aarch64-darwin": {
          "outputs": [
            {
              "name": "out",
              "path": "/nix/store/cngwwiaqmgalczvf1abplwxsr46i5k6m-eza-0.23.4",
              "default": true
            },
            {
              "name": "man",
              "path": "/nix/store/114h8x4j4jlpcbmhdysfr5d0hnkxx9cz-eza-0.23.4-man",
              "default": true
            }
          ],
          "store_path": "/nix/store/cngwwiaqmgalczvf1abplwxsr46i5k6m-eza-0.23.4"
        },
        "aarch64-linux": {
          "outputs": [
            {
              "name": "out",
              "path": "/nix/store/fjw7xmnhjba3q5670h6fkdpmszgvq2cq-eza-0.23.4",
              "default": true
            },
            {
              "name": "man",
              "path": "/nix/store/0v0s39hq16nvi0krgzz6aravywql5fhq-eza-0.23.4-man",
              "default": true
            }
          ],
          "store_path": "/nix/store/fjw7xmnhjba3q5670h6fkdpmszgvq2cq-eza-0.23.4"
        },
        "x86_64-darwin": {
          "outputs": [
            {
              "name": "out",
              "path": "/nix/store/qxhq104m1l6i4lm2wdf9sjgb4nl1s4lv-eza-0.23.4",
              "default": true
            },
            {
              "name": "man",
              "path": "/nix/store/8izr3kvlvv5kaw0mx7irv90c2aa25ghv-eza-0.23.4-man",
              "default": true
            }
          ],
          "store_path": "/nix/store/qxhq104m1l6i4lm2wdf9sjgb4nl1s4lv-eza-0.23.4"
        },
        "x86_64-linux": {
          "outputs": [
            {
              "name": "out",
              "path": "/nix/store/wh7wd8nh1kd29ry3fmjaymn71bqifr42-eza-0.23.4",
              "default": true
            },
            {
              "name": "man",
              "path": "/nix/store/s432xy1mzgl3l21q9j90f7rp01vynchp-eza-0.23.4-man",
              "default": true
            }
          ],
          "store_path": "/nix/store/wh7wd8nh1kd29ry3fmjaymn71bqifr42-eza-0.23.4"
        }
      }
    },
    "fd@latest": {
      "last_modified": "2026-04-23T13:07:47Z",
      "resolved": "github:NixOS/nixpkgs/01fbdeef22b76df85ea168fbfe1bfd9e63681b30#fd",
      "source": "devbox-search",
      "version": "10.4.2",
      "systems": {
        "aarch64-darwin": {
          "outputs": [
            {
              "name": "out",
              "path": "/nix/store/49sp3ra3l2sg1vgaf83w7h4jxf3kpiy4-fd-10.4.2",
              "default": true
            }
          ],
          "store_path": "/nix/store/49sp3ra3l2sg1vgaf83w7h4jxf3kpiy4-fd-10.4.2"
        },
        "aarch64-linux": {
          "outputs": [
            {
              "name": "out",
              "path": "/nix/store/xi0y4mhkn0lbcpj1nl3vafdw967n5679-fd-10.4.2",
              "default": true
            }
          ],
          "store_path": "/nix/store/xi0y4mhkn0lbcpj1nl3vafdw967n5679-fd-10.4.2"
        },
        "x86_64-darwin": {
          "outputs": [
            {
              "name": "out",
              "path": "/nix/store/8kf4k045jk6p8kax1225kkrmr7fijyib-fd-10.4.2",
              "default": true
            }
          ],
          "store_path": "/nix/store/8kf4k045jk6p8kax1225kkrmr7fijyib-fd-10.4.2"
        },
        "x86_64-linux": {
          "outputs": [
            {
              "name": "out",
              "path": "/nix/store/4fi2lyz8xn4mhq1gk5sp3zgfw43fjl56-fd-10.4.2",
              "default": true
            }
          ],
          "store_path": "/nix/store/4fi2lyz8xn4mhq1gk5sp3zgfw43fjl56-fd-10.4.2"
        }
      }
    },
    "gh@latest": {
      "last_modified": "2026-05-01T13:14:57Z",
      "resolved": "github:NixOS/nixpkgs/c6d65881c5624c9cae5ea6cedef24699b0c0a4c0#gh",
      "source": "devbox-search",
      "version": "2.92.0",
      "systems": {
        "aarch64-darwin": {
          "outputs": [
            {
              "name": "out",
              "path": "/nix/store/iqnlcrakmwilxwwm2v127lvic5f11wj4-gh-2.92.0",
              "default": true
            }
          ],
          "store_path": "/nix/store/iqnlcrakmwilxwwm2v127lvic5f11wj4-gh-2.92.0"
        },
        "aarch64-linux": {
          "outputs": [
            {
              "name": "out",
              "path": "/nix/store/rh89irgvdyragn9269ja281wz97rrzjp-gh-2.92.0",
              "default": true
            }
          ],
          "store_path": "/nix/store/rh89irgvdyragn9269ja281wz97rrzjp-gh-2.92.0"
        },
        "x86_64-darwin": {
          "outputs": [
            {
              "name": "out",
              "path": "/nix/store/v2baccv5siwfhqdk8lz570vncd3i5ali-gh-2.92.0",
              "default": true
            }
          ],
          "store_path": "/nix/store/v2baccv5siwfhqdk8lz570vncd3i5ali-gh-2.92.0"
        },
        "x86_64-linux": {
          "outputs": [
            {
              "name": "out",
              "path": "/nix/store/y3m73nv1ry783kqfjqq17p3kxxaxx5d1-gh-2.92.0",
              "default": true
            }
          ],
          "store_path": "/nix/store/y3m73nv1ry783kqfjqq17p3kxxaxx5d1-gh-2.92.0"
        }
      }
    },
    "ghostty-bin@latest": {
      "last_modified": "2026-04-23T13:07:47Z",
      "resolved": "github:NixOS/nixpkgs/01fbdeef22b76df85ea168fbfe1bfd9e63681b30#ghostty-bin",
      "source": "devbox-search",
      "version": "1.3.1",
      "systems": {
        "aarch64-darwin": {
          "outputs": [
            {
              "name": "out",
              "path": "/nix/store/ancj5m5v4pba300ynd897sbpqn59znlk-ghostty-bin-1.3.1",
              "default": true
            },
            {
              "name": "man",
              "path": "/nix/store/vjx099ms2l179y5swpk27075pd1x3gdi-ghostty-bin-1.3.1-man",
              "default": true
            },
            {
              "name": "shell_integration",
              "path": "/nix/store/n4xmngwnz86yk8dhgd9y4w1ghch7f08p-ghostty-bin-1.3.1-shell_integration",
              "default": true
            },
            {
              "name": "terminfo",
              "path": "/nix/store/dqkd336x5lkmkylkah7hp8qp401w69c1-ghostty-bin-1.3.1-terminfo",
              "default": true
            },
            {
              "name": "vim",
              "path": "/nix/store/2gi8l7bi2w8mc1gpxfs2hprz9gsd1n91-ghostty-bin-1.3.1-vim"
            }
          ],
          "store_path": "/nix/store/ancj5m5v4pba300ynd897sbpqn59znlk-ghostty-bin-1.3.1"
        },
        "x86_64-darwin": {
          "outputs": [
            {
              "name": "out",
              "path": "/nix/store/j05fkx4qvm753gv3asx0m5akhp794l32-ghostty-bin-1.3.1",
              "default": true
            },
            {
              "name": "man",
              "path": "/nix/store/814d8jyvsb7drc01986qigfhx1r8m783-ghostty-bin-1.3.1-man",
              "default": true
            },
            {
              "name": "shell_integration",
              "path": "/nix/store/lwd5yvyz2pxj5jcsnqmnrvnbz82az480-ghostty-bin-1.3.1-shell_integration",
              "default": true
            },
            {
              "name": "terminfo",
              "path": "/nix/store/5prwnlgagrr5c39kv4nybi5lvlq0y5d9-ghostty-bin-1.3.1-terminfo",
              "default": true
            },
            {
              "name": "vim",
              "path": "/nix/store/d6hfqqkpk2jn2blww5kkg6i81hqlr2zw-ghostty-bin-1.3.1-vim"
            }
          ],
          "store_path": "/nix/store/j05fkx4qvm753gv3asx0m5akhp794l32-ghostty-bin-1.3.1"
        }
      }
    },
    "github:NixOS/nixpkgs/nixpkgs-unstable": {
      "last_modified": "2026-05-13T11:46:26Z",
      "resolved": "github:NixOS/nixpkgs/eef00dfd8a712b34af845f9350bac681b1228bd1?lastModified=1778672786&narHash=sha256-Blg88K1jwG%2BP0Mr27%2BrKMFCufdrWkV3wWh9AdYtz0FQ%3D"
    },
    "go@latest": {
      "last_modified": "2026-04-23T13:07:47Z",
      "resolved": "github:NixOS/nixpkgs/01fbdeef22b76df85ea168fbfe1bfd9e63681b30#go",
      "source": "devbox-search",
      "version": "1.26.2",
      "systems": {
        "aarch64-darwin": {
          "outputs": [
            {
              "name": "out",
              "path": "/nix/store/fkzywh7rg8lg1n2p0r161iqjwhz540wx-go-1.26.2",
              "default": true
            }
          ],
          "store_path": "/nix/store/fkzywh7rg8lg1n2p0r161iqjwhz540wx-go-1.26.2"
        },
        "aarch64-linux": {
          "outputs": [
            {
              "name": "out",
              "path": "/nix/store/w4i7p78y3735jcy69sk4lcy9zyxr0cav-go-1.26.2",
              "default": true
            }
          ],
          "store_path": "/nix/store/w4i7p78y3735jcy69sk4lcy9zyxr0cav-go-1.26.2"
        },
        "x86_64-darwin": {
          "outputs": [
            {
              "name": "out",
              "path": "/nix/store/g0b45l45nlb1kqiywzja7fh49yn7lla5-go-1.26.2",
              "default": true
            }
          ],
          "store_path": "/nix/store/g0b45l45nlb1kqiywzja7fh49yn7lla5-go-1.26.2"
        },
        "x86_64-linux": {
          "outputs": [
            {
              "name": "out",
              "path": "/nix/store/dimnagks1qsp7180yw74z0npp7z2ihs3-go-1.26.2",
              "default": true
            }
          ],
          "store_path": "/nix/store/dimnagks1qsp7180yw74z0npp7z2ihs3-go-1.26.2"
        }
      }
    },
    "helmfile@latest": {
      "last_modified": "2026-05-05T02:04:20Z",
      "resolved": "github:NixOS/nixpkgs/bc57abace07689cfd34203aa5fb4027514895987#helmfile",
      "source": "devbox-search",
      "version": "1.4.5",
      "systems": {
        "aarch64-darwin": {
          "outputs": [
            {
              "name": "out",
              "path": "/nix/store/ydxzz635kkgflrm4karwv1966i2m0mpn-helmfile-1.4.5",
              "default": true
            }
          ],
          "store_path": "/nix/store/ydxzz635kkgflrm4karwv1966i2m0mpn-helmfile-1.4.5"
        },
        "aarch64-linux": {
          "outputs": [
            {
              "name": "out",
              "path": "/nix/store/dk4dmjq4advxvjh0mrxz4h3hlv618j2m-helmfile-1.4.5",
              "default": true
            }
          ],
          "store_path": "/nix/store/dk4dmjq4advxvjh0mrxz4h3hlv618j2m-helmfile-1.4.5"
        },
        "x86_64-darwin": {
          "outputs": [
            {
              "name": "out",
              "path": "/nix/store/ygwrkl83qg95hg5d85lksswnpfg5qf2g-helmfile-1.4.5",
              "default": true
            }
          ],
          "store_path": "/nix/store/ygwrkl83qg95hg5d85lksswnpfg5qf2g-helmfile-1.4.5"
        },
        "x86_64-linux": {
          "outputs": [
            {
              "name": "out",
              "path": "/nix/store/m08mljsdb9bbkrnhwybc98dx94jdr4az-helmfile-1.4.5",
              "default": true
            }
          ],
          "store_path": "/nix/store/m08mljsdb9bbkrnhwybc98dx94jdr4az-helmfile-1.4.5"
        }
      }
    },
    "jq@latest": {
      "last_modified": "2026-05-06T02:58:03Z",
      "resolved": "github:NixOS/nixpkgs/ed67bc86e84e51d4a88e73c7fd36006dc876476f#jq",
      "source": "devbox-search",
      "version": "1.8.1",
      "systems": {
        "aarch64-darwin": {
          "outputs": [
            {
              "name": "bin",
              "path": "/nix/store/zpaiv3csv85i5qdhwlivlbg8a5clnqmh-jq-1.8.1-bin",
              "default": true
            },
            {
              "name": "man",
              "path": "/nix/store/vs9rx9xgqachcay4mn95m1gwifzxrhm4-jq-1.8.1-man",
              "default": true
            },
            {
              "name": "dev",
              "path": "/nix/store/h46rnp90pvk5ky12r9drbzhl1fqlmjnf-jq-1.8.1-dev"
            },
            {
              "name": "doc",
              "path": "/nix/store/iksz05vk9j78ls9agfg9blhax9azgv69-jq-1.8.1-doc"
            },
            {
              "name": "out",
              "path": "/nix/store/inmyqx7646xrcqrwxipacv5gkf3ca6m3-jq-1.8.1"
            }
          ],
          "store_path": "/nix/store/zpaiv3csv85i5qdhwlivlbg8a5clnqmh-jq-1.8.1-bin"
        },
        "aarch64-linux": {
          "outputs": [
            {
              "name": "bin",
              "path": "/nix/store/blgzs73jx017qji4n78v4wg1qxcg3cav-jq-1.8.1-bin",
              "default": true
            },
            {
              "name": "man",
              "path": "/nix/store/s8h2klkc7rw485yqj3s73ancc5915v2m-jq-1.8.1-man",
              "default": true
            },
            {
              "name": "doc",
              "path": "/nix/store/r992wf8cylhf9ayxwf64lawdfxcr4cl8-jq-1.8.1-doc"
            },
            {
              "name": "out",
              "path": "/nix/store/2v9443fs97gdg5mz9lk3q603hryhqijm-jq-1.8.1"
            },
            {
              "name": "dev",
              "path": "/nix/store/lx675fc624glij1dh9iw89pavkvfkv73-jq-1.8.1-dev"
            }
          ],
          "store_path": "/nix/store/blgzs73jx017qji4n78v4wg1qxcg3cav-jq-1.8.1-bin"
        },
        "x86_64-darwin": {
          "outputs": [
            {
              "name": "bin",
              "path": "/nix/store/cpq0n6nrgs7jwyr121qshzk2fvjkmjbh-jq-1.8.1-bin",
              "default": true
            },
            {
              "name": "man",
              "path": "/nix/store/flsm1xvpbr9681y4y8101v5c5m3qmcim-jq-1.8.1-man",
              "default": true
            },
            {
              "name": "dev",
              "path": "/nix/store/0p7h41icsq99c08sym6iw4wzdsl35r13-jq-1.8.1-dev"
            },
            {
              "name": "doc",
              "path": "/nix/store/h6wn2lzbxq1v2dypaj4kpv4nnkkm9yld-jq-1.8.1-doc"
            },
            {
              "name": "out",
              "path": "/nix/store/spn7m9y4302yvw9zafpy1g2sz3z9xnx1-jq-1.8.1"
            }
          ],
          "store_path": "/nix/store/cpq0n6nrgs7jwyr121qshzk2fvjkmjbh-jq-1.8.1-bin"
        },
        "x86_64-linux": {
          "outputs": [
            {
              "name": "bin",
              "path": "/nix/store/v5c3inhfq6xshmwg1c254vfbcy4jp3k9-jq-1.8.1-bin",
              "default": true
            },
            {
              "name": "man",
              "path": "/nix/store/lsyqny7h1riwhzajwy2vjjdd63viiwvm-jq-1.8.1-man",
              "default": true
            },
            {
              "name": "out",
              "path": "/nix/store/09bq2i0kb008ccg3qdbyxv81ggxxnn09-jq-1.8.1"
            },
            {
              "name": "dev",
              "path": "/nix/store/p8x5zv9s9qg3ld8b7jdm03hkpdqybjl9-jq-1.8.1-dev"
            },
            {
              "name": "doc",
              "path": "/nix/store/g2wlgi44rn837jdirpwi3lk5f2iy13zg-jq-1.8.1-doc"
            }
          ],
          "store_path": "/nix/store/v5c3inhfq6xshmwg1c254vfbcy4jp3k9-jq-1.8.1-bin"
        }
      }
    },
    "kubectl@latest": {
      "last_modified": "2026-05-01T13:14:57Z",
      "resolved": "github:NixOS/nixpkgs/c6d65881c5624c9cae5ea6cedef24699b0c0a4c0#kubectl",
      "source": "devbox-search",
      "version": "1.36.0",
      "systems": {
        "aarch64-darwin": {
          "outputs": [
            {
              "name": "out",
              "path": "/nix/store/l13221pknyi76zx7vjv7h4qngprcfcjd-kubectl-1.36.0",
              "default": true
            },
            {
              "name": "man",
              "path": "/nix/store/kml6r55gfz7arl2pkb1i95wcv8qx7kdq-kubectl-1.36.0-man",
              "default": true
            },
            {
              "name": "convert",
              "path": "/nix/store/i82k8azv54nvbvlqkxsibq760fsc8p6c-kubectl-1.36.0-convert"
            }
          ],
          "store_path": "/nix/store/l13221pknyi76zx7vjv7h4qngprcfcjd-kubectl-1.36.0"
        },
        "aarch64-linux": {
          "outputs": [
            {
              "name": "out",
              "path": "/nix/store/0aidqq6r57iy85i9i04n8fxys5nph9m6-kubectl-1.36.0",
              "default": true
            },
            {
              "name": "man",
              "path": "/nix/store/khsk90hhkivnhxafp28higi05zndxfnx-kubectl-1.36.0-man",
              "default": true
            },
            {
              "name": "convert",
              "path": "/nix/store/lgmya39c4m9ajk120ny4y011fsq9rz6c-kubectl-1.36.0-convert"
            }
          ],
          "store_path": "/nix/store/0aidqq6r57iy85i9i04n8fxys5nph9m6-kubectl-1.36.0"
        },
        "x86_64-darwin": {
          "outputs": [
            {
              "name": "out",
              "path": "/nix/store/fhl0rmhhnhdhrb7y1yy9y15gxwrq44lf-kubectl-1.36.0",
              "default": true
            },
            {
              "name": "man",
              "path": "/nix/store/1k8krz6yxb2zxvvvncdxhbn62f0p2wx8-kubectl-1.36.0-man",
              "default": true
            },
            {
              "name": "convert",
              "path": "/nix/store/hq392ccg39naw49pk9ypywknw1i4r4a2-kubectl-1.36.0-convert"
            }
          ],
          "store_path": "/nix/store/fhl0rmhhnhdhrb7y1yy9y15gxwrq44lf-kubectl-1.36.0"
        },
        "x86_64-linux": {
          "outputs": [
            {
              "name": "out",
              "path": "/nix/store/3m8v5sg477z1v8c8kwrf8p3rqsm5gs3j-kubectl-1.36.0",
              "default": true
            },
            {
              "name": "man",
              "path": "/nix/store/gcv450pkhcdcnjqgmrch45afvdww43c1-kubectl-1.36.0-man",
              "default": true
            },
            {
              "name": "convert",
              "path": "/nix/store/04srrf0168d1fq2mwfvml64hqhz2n883-kubectl-1.36.0-convert"
            }
          ],
          "store_path": "/nix/store/3m8v5sg477z1v8c8kwrf8p3rqsm5gs3j-kubectl-1.36.0"
        }
      }
    },
    "kubelogin@latest": {
      "last_modified": "2026-04-23T13:07:47Z",
      "resolved": "github:NixOS/nixpkgs/01fbdeef22b76df85ea168fbfe1bfd9e63681b30#kubelogin",
      "source": "devbox-search",
      "version": "0.2.14",
      "systems": {
        "aarch64-darwin": {
          "outputs": [
            {
              "name": "out",
              "path": "/nix/store/fgci7yqwqncpnf7ldi2vxj0y3ay1gi6i-kubelogin-0.2.14",
              "default": true
            }
          ],
          "store_path": "/nix/store/fgci7yqwqncpnf7ldi2vxj0y3ay1gi6i-kubelogin-0.2.14"
        },
        "aarch64-linux": {
          "outputs": [
            {
              "name": "out",
              "path": "/nix/store/xjhh174c6jx71vhhzgidyphrh9z7q0m4-kubelogin-0.2.14",
              "default": true
            }
          ],
          "store_path": "/nix/store/xjhh174c6jx71vhhzgidyphrh9z7q0m4-kubelogin-0.2.14"
        },
        "x86_64-darwin": {
          "outputs": [
            {
              "name": "out",
              "path": "/nix/store/dsl8x1h4cpf4sxsqd9h5jb40p2yk8mvs-kubelogin-0.2.14",
              "default": true
            }
          ],
          "store_path": "/nix/store/dsl8x1h4cpf4sxsqd9h5jb40p2yk8mvs-kubelogin-0.2.14"
        },
        "x86_64-linux": {
          "outputs": [
            {
              "name": "out",
              "path": "/nix/store/la95lx5ln8vl19zblpccrhzdhbq8l9nc-kubelogin-0.2.14",
              "default": true
            }
          ],
          "store_path": "/nix/store/la95lx5ln8vl19zblpccrhzdhbq8l9nc-kubelogin-0.2.14"
        }
      }
    },
    "kubernetes-helm@latest": {
      "last_modified": "2026-04-23T13:07:47Z",
      "resolved": "github:NixOS/nixpkgs/01fbdeef22b76df85ea168fbfe1bfd9e63681b30#kubernetes-helm",
      "source": "devbox-search",
      "version": "3.20.2",
      "systems": {
        "aarch64-darwin": {
          "outputs": [
            {
              "name": "out",
              "path": "/nix/store/aa9sfjsr2w4g8xg6n9jznh18wvan4bwm-kubernetes-helm-3.20.2",
              "default": true
            }
          ],
          "store_path": "/nix/store/aa9sfjsr2w4g8xg6n9jznh18wvan4bwm-kubernetes-helm-3.20.2"
        },
        "aarch64-linux": {
          "outputs": [
            {
              "name": "out",
              "path": "/nix/store/wl1mr80ci6hj5x6nscdxqcalw2ppjf2r-kubernetes-helm-3.20.2",
              "default": true
            }
          ],
          "store_path": "/nix/store/wl1mr80ci6hj5x6nscdxqcalw2ppjf2r-kubernetes-helm-3.20.2"
        },
        "x86_64-darwin": {
          "outputs": [
            {
              "name": "out",
              "path": "/nix/store/4b3hmzwr3ydsc9gh7rv665bgp4qf2n7z-kubernetes-helm-3.20.2",
              "default": true
            }
          ],
          "store_path": "/nix/store/4b3hmzwr3ydsc9gh7rv665bgp4qf2n7z-kubernetes-helm-3.20.2"
        },
        "x86_64-linux": {
          "outputs": [
            {
              "name": "out",
              "path": "/nix/store/2qwwk0cxj9qx9c79hdhja4s4wmzikia5-kubernetes-helm-3.20.2",
              "default": true
            }
          ],
          "store_path": "/nix/store/2qwwk0cxj9qx9c79hdhja4s4wmzikia5-kubernetes-helm-3.20.2"
        }
      }
    },
    "neovim@latest": {
      "last_modified": "2026-05-07T03:23:16Z",
      "resolved": "github:NixOS/nixpkgs/68a8af93ff4297686cb68880845e61e5e2e41d92#neovim",
      "source": "devbox-search",
      "version": "0.12.2",
      "systems": {
        "aarch64-darwin": {
          "outputs": [
            {
              "name": "out",
              "path": "/nix/store/k5gf5fbn9ym35v7yh6xzrz7y0ba8f0fs-neovim-0.12.2",
              "default": true
            }
          ],
          "store_path": "/nix/store/k5gf5fbn9ym35v7yh6xzrz7y0ba8f0fs-neovim-0.12.2"
        },
        "aarch64-linux": {
          "outputs": [
            {
              "name": "out",
              "path": "/nix/store/kp31mrl7diawnwidln8sdmhq6066cwq6-neovim-0.12.2",
              "default": true
            }
          ],
          "store_path": "/nix/store/kp31mrl7diawnwidln8sdmhq6066cwq6-neovim-0.12.2"
        },
        "x86_64-darwin": {
          "outputs": [
            {
              "name": "out",
              "path": "/nix/store/2qz7hd2vjn4n09djin04pqqfz1hk2n2g-neovim-0.12.2",
              "default": true
            }
          ],
          "store_path": "/nix/store/2qz7hd2vjn4n09djin04pqqfz1hk2n2g-neovim-0.12.2"
        },
        "x86_64-linux": {
          "outputs": [
            {
              "name": "out",
              "path": "/nix/store/14phl1n07zll0pg902h240kfxikl9bwy-neovim-0.12.2",
              "default": true
            }
          ],
          "store_path": "/nix/store/14phl1n07zll0pg902h240kfxikl9bwy-neovim-0.12.2"
        }
      }
    },
    "nodejs@latest": {
      "last_modified": "2026-04-23T13:07:47Z",
      "plugin_version": "0.0.2",
      "resolved": "github:NixOS/nixpkgs/01fbdeef22b76df85ea168fbfe1bfd9e63681b30#nodejs_25",
      "source": "devbox-search",
      "version": "25.9.0",
      "systems": {
        "aarch64-darwin": {
          "outputs": [
            {
              "name": "out",
              "path": "/nix/store/lk0q06f44l3p5ajzpnqhs6bwwpf7j7ny-nodejs-25.9.0",
              "default": true
            }
          ],
          "store_path": "/nix/store/lk0q06f44l3p5ajzpnqhs6bwwpf7j7ny-nodejs-25.9.0"
        },
        "aarch64-linux": {
          "outputs": [
            {
              "name": "out",
              "path": "/nix/store/kqhlmkz7y5id7l02d2pjid61jh6a1zc5-nodejs-25.9.0",
              "default": true
            }
          ],
          "store_path": "/nix/store/kqhlmkz7y5id7l02d2pjid61jh6a1zc5-nodejs-25.9.0"
        },
        "x86_64-darwin": {
          "outputs": [
            {
              "name": "out",
              "path": "/nix/store/6js5ig13hfm2b9vif9325slzl590l0yr-nodejs-25.9.0",
              "default": true
            }
          ],
          "store_path": "/nix/store/6js5ig13hfm2b9vif9325slzl590l0yr-nodejs-25.9.0"
        },
        "x86_64-linux": {
          "outputs": [
            {
              "name": "out",
              "path": "/nix/store/qvw3cs7p2aipxsmyvwf9xr5ffvmwjkh1-nodejs-25.9.0",
              "default": true
            }
          ],
          "store_path": "/nix/store/qvw3cs7p2aipxsmyvwf9xr5ffvmwjkh1-nodejs-25.9.0"
        }
      }
    },
    "obsidian@latest": {
      "last_modified": "2026-04-23T13:07:47Z",
      "resolved": "github:NixOS/nixpkgs/01fbdeef22b76df85ea168fbfe1bfd9e63681b30#obsidian",
      "source": "devbox-search",
      "version": "1.12.7",
      "systems": {
        "aarch64-darwin": {
          "outputs": [
            {
              "name": "out",
              "path": "/nix/store/655rvvxpggmlm19gn1lcq8q4cw37zyhd-obsidian-1.12.7",
              "default": true
            }
          ],
          "store_path": "/nix/store/655rvvxpggmlm19gn1lcq8q4cw37zyhd-obsidian-1.12.7"
        },
        "aarch64-linux": {
          "outputs": [
            {
              "name": "out",
              "path": "/nix/store/b881qs9gmwmvbww9xhl81m0cf1z06x71-obsidian-1.12.7",
              "default": true
            }
          ],
          "store_path": "/nix/store/b881qs9gmwmvbww9xhl81m0cf1z06x71-obsidian-1.12.7"
        },
        "x86_64-darwin": {
          "outputs": [
            {
              "name": "out",
              "path": "/nix/store/4l8ral6fp8r4ksqpd832q5c3ynf25pma-obsidian-1.12.7",
              "default": true
            }
          ],
          "store_path": "/nix/store/4l8ral6fp8r4ksqpd832q5c3ynf25pma-obsidian-1.12.7"
        },
        "x86_64-linux": {
          "outputs": [
            {
              "name": "out",
              "path": "/nix/store/5jzxmx3c8ykisyiaa66ljh2qrshsps0g-obsidian-1.12.7",
              "default": true
            }
          ],
          "store_path": "/nix/store/5jzxmx3c8ykisyiaa66ljh2qrshsps0g-obsidian-1.12.7"
        }
      }
    },
    "ripgrep@latest": {
      "last_modified": "2026-04-23T13:07:47Z",
      "resolved": "github:NixOS/nixpkgs/01fbdeef22b76df85ea168fbfe1bfd9e63681b30#ripgrep",
      "source": "devbox-search",
      "version": "15.1.0",
      "systems": {
        "aarch64-darwin": {
          "outputs": [
            {
              "name": "out",
              "path": "/nix/store/9jagafbvx627qam4f0lnksa8yagk45f7-ripgrep-15.1.0",
              "default": true
            }
          ],
          "store_path": "/nix/store/9jagafbvx627qam4f0lnksa8yagk45f7-ripgrep-15.1.0"
        },
        "aarch64-linux": {
          "outputs": [
            {
              "name": "out",
              "path": "/nix/store/jni4f23vaph0aiz3cmazzbd7bbyg9630-ripgrep-15.1.0",
              "default": true
            }
          ],
          "store_path": "/nix/store/jni4f23vaph0aiz3cmazzbd7bbyg9630-ripgrep-15.1.0"
        },
        "x86_64-darwin": {
          "outputs": [
            {
              "name": "out",
              "path": "/nix/store/7frjm3h84914avlbl7f2nhgxirnn7ryx-ripgrep-15.1.0",
              "default": true
            }
          ],
          "store_path": "/nix/store/7frjm3h84914avlbl7f2nhgxirnn7ryx-ripgrep-15.1.0"
        },
        "x86_64-linux": {
          "outputs": [
            {
              "name": "out",
              "path": "/nix/store/abq2d8kfixpmgn0sm843pf6jhv5s4qhg-ripgrep-15.1.0",
              "default": true
            }
          ],
          "store_path": "/nix/store/abq2d8kfixpmgn0sm843pf6jhv5s4qhg-ripgrep-15.1.0"
        }
      }
    },
    "stow@latest": {
      "last_modified": "2026-04-23T13:07:47Z",
      "resolved": "github:NixOS/nixpkgs/01fbdeef22b76df85ea168fbfe1bfd9e63681b30#stow",
      "source": "devbox-search",
      "version": "2.4.1",
      "systems": {
        "aarch64-darwin": {
          "outputs": [
            {
              "name": "out",
              "path": "/nix/store/r6y94b5l5a70dn051mnmyq5mhyrgk3ys-stow-2.4.1",
              "default": true
            }
          ],
          "store_path": "/nix/store/r6y94b5l5a70dn051mnmyq5mhyrgk3ys-stow-2.4.1"
        },
        "aarch64-linux": {
          "outputs": [
            {
              "name": "out",
              "path": "/nix/store/6ap6wcywmphzw4x1cyasr2g3cfsxq8cl-stow-2.4.1",
              "default": true
            }
          ],
          "store_path": "/nix/store/6ap6wcywmphzw4x1cyasr2g3cfsxq8cl-stow-2.4.1"
        },
        "x86_64-darwin": {
          "outputs": [
            {
              "name": "out",
              "path": "/nix/store/4nv1l2wms6arfmid2px19cz58ihfrgs7-stow-2.4.1",
              "default": true
            }
          ],
          "store_path": "/nix/store/4nv1l2wms6arfmid2px19cz58ihfrgs7-stow-2.4.1"
        },
        "x86_64-linux": {
          "outputs": [
            {
              "name": "out",
              "path": "/nix/store/pxdfnsbgjk64c5dhg2w0m892q1iwj7na-stow-2.4.1",
              "default": true
            }
          ],
          "store_path": "/nix/store/pxdfnsbgjk64c5dhg2w0m892q1iwj7na-stow-2.4.1"
        }
      }
    },
    "stylua@latest": {
      "last_modified": "2026-04-23T13:07:47Z",
      "resolved": "github:NixOS/nixpkgs/01fbdeef22b76df85ea168fbfe1bfd9e63681b30#stylua",
      "source": "devbox-search",
      "version": "2.4.1",
      "systems": {
        "aarch64-darwin": {
          "outputs": [
            {
              "name": "out",
              "path": "/nix/store/q8r9dqnl6lhp9akv5dldr84fdi608zi9-stylua-2.4.1",
              "default": true
            }
          ],
          "store_path": "/nix/store/q8r9dqnl6lhp9akv5dldr84fdi608zi9-stylua-2.4.1"
        },
        "aarch64-linux": {
          "outputs": [
            {
              "name": "out",
              "path": "/nix/store/vqygc1r29yywnaczc9ccdsk4czkp0nfl-stylua-2.4.1",
              "default": true
            }
          ],
          "store_path": "/nix/store/vqygc1r29yywnaczc9ccdsk4czkp0nfl-stylua-2.4.1"
        },
        "x86_64-darwin": {
          "outputs": [
            {
              "name": "out",
              "path": "/nix/store/8sjg4jyvp9hlwwlp37sbmxxg2f72769w-stylua-2.4.1",
              "default": true
            }
          ],
          "store_path": "/nix/store/8sjg4jyvp9hlwwlp37sbmxxg2f72769w-stylua-2.4.1"
        },
        "x86_64-linux": {
          "outputs": [
            {
              "name": "out",
              "path": "/nix/store/rs3vz6aai3wkw335z72zyv8idca8pm94-stylua-2.4.1",
              "default": true
            }
          ],
          "store_path": "/nix/store/rs3vz6aai3wkw335z72zyv8idca8pm94-stylua-2.4.1"
        }
      }
    },
    "tmux@latest": {
      "last_modified": "2025-11-26T14:39:26Z",
      "resolved": "github:NixOS/nixpkgs/5c46f3bd98147c8d82366df95bbef2cab3a967ea#tmux",
      "source": "devbox-search",
      "version": "3.6",
      "systems": {
        "aarch64-darwin": {
          "outputs": [
            {
              "name": "out",
              "path": "/nix/store/8cc44893xix9xknp1phzi5jg8g0pghii-tmux-3.6",
              "default": true
            },
            {
              "name": "man",
              "path": "/nix/store/08iih7zrw7yybahxla1f3vf1qhygiwzb-tmux-3.6-man",
              "default": true
            }
          ],
          "store_path": "/nix/store/8cc44893xix9xknp1phzi5jg8g0pghii-tmux-3.6"
        },
        "aarch64-linux": {
          "outputs": [
            {
              "name": "out",
              "path": "/nix/store/nipnplpp8s2kxrym46ziwm286ac9smxk-tmux-3.6",
              "default": true
            },
            {
              "name": "man",
              "path": "/nix/store/h0mw9jvd11ykb63rxvjwg03yxpmwcrsk-tmux-3.6-man",
              "default": true
            }
          ],
          "store_path": "/nix/store/nipnplpp8s2kxrym46ziwm286ac9smxk-tmux-3.6"
        },
        "x86_64-darwin": {
          "outputs": [
            {
              "name": "out",
              "path": "/nix/store/r9as91zw6j6ly5wy67w7ksy56y4fa6m0-tmux-3.6",
              "default": true
            },
            {
              "name": "man",
              "path": "/nix/store/x91dqpy96jnjv7prrg1x65lzhlp8h7px-tmux-3.6-man",
              "default": true
            }
          ],
          "store_path": "/nix/store/r9as91zw6j6ly5wy67w7ksy56y4fa6m0-tmux-3.6"
        },
        "x86_64-linux": {
          "outputs": [
            {
              "name": "out",
              "path": "/nix/store/aaryy6aga27r973s97ckbmalbc1ha4hl-tmux-3.6",
              "default": true
            },
            {
              "name": "man",
              "path": "/nix/store/vkz0jwnx7cg2gc48w3nijs1d3sydz9l5-tmux-3.6-man",
              "default": true
            }
          ],
          "store_path": "/nix/store/aaryy6aga27r973s97ckbmalbc1ha4hl-tmux-3.6"
        }
      }
    },
    "uv@latest": {
      "last_modified": "2026-05-06T02:58:03Z",
      "resolved": "github:NixOS/nixpkgs/ed67bc86e84e51d4a88e73c7fd36006dc876476f#uv",
      "source": "devbox-search",
      "version": "0.11.10",
      "systems": {
        "aarch64-darwin": {
          "outputs": [
            {
              "name": "out",
              "path": "/nix/store/qwfvprgk5wfayh4ijc543hnfaq75d3vw-uv-0.11.10",
              "default": true
            }
          ],
          "store_path": "/nix/store/qwfvprgk5wfayh4ijc543hnfaq75d3vw-uv-0.11.10"
        },
        "aarch64-linux": {
          "outputs": [
            {
              "name": "out",
              "path": "/nix/store/j3azs6q2k0x47lmb4j0145ks6mmp6v3p-uv-0.11.10",
              "default": true
            }
          ],
          "store_path": "/nix/store/j3azs6q2k0x47lmb4j0145ks6mmp6v3p-uv-0.11.10"
        },
        "x86_64-darwin": {
          "outputs": [
            {
              "name": "out",
              "path": "/nix/store/8nlc9vg73sd3552filxslpmw1jrq59c6-uv-0.11.10",
              "default": true
            }
          ],
          "store_path": "/nix/store/8nlc9vg73sd3552filxslpmw1jrq59c6-uv-0.11.10"
        },
        "x86_64-linux": {
          "outputs": [
            {
              "name": "out",
              "path": "/nix/store/k6k1r5fbi9kgq0vdliwx0vd9kzg8qas8-uv-0.11.10",
              "default": true
            }
          ],
          "store_path": "/nix/store/k6k1r5fbi9kgq0vdliwx0vd9kzg8qas8-uv-0.11.10"
        }
      }
    },
    "vscode@latest": {
      "last_modified": "2026-05-06T02:58:03Z",
      "resolved": "github:NixOS/nixpkgs/ed67bc86e84e51d4a88e73c7fd36006dc876476f#vscode",
      "source": "devbox-search",
      "version": "1.118.1",
      "systems": {
        "aarch64-darwin": {
          "outputs": [
            {
              "name": "out",
              "path": "/nix/store/rxfwysjlzs185hcw1gzfwja39cm8lnhj-vscode-1.118.1",
              "default": true
            }
          ],
          "store_path": "/nix/store/rxfwysjlzs185hcw1gzfwja39cm8lnhj-vscode-1.118.1"
        },
        "aarch64-linux": {
          "outputs": [
            {
              "name": "out",
              "path": "/nix/store/6rl6sbzyj562hgcjcnihyx3643jpllf9-vscode-1.118.1",
              "default": true
            }
          ],
          "store_path": "/nix/store/6rl6sbzyj562hgcjcnihyx3643jpllf9-vscode-1.118.1"
        },
        "x86_64-darwin": {
          "outputs": [
            {
              "name": "out",
              "path": "/nix/store/35js4wj6rhgyd50wibf83v983xp7367m-vscode-1.118.1",
              "default": true
            }
          ],
          "store_path": "/nix/store/35js4wj6rhgyd50wibf83v983xp7367m-vscode-1.118.1"
        },
        "x86_64-linux": {
          "outputs": [
            {
              "name": "out",
              "path": "/nix/store/yhcsz50lspsj0r0k2f5i46mhaag01a7q-vscode-1.118.1",
              "default": true
            }
          ],
          "store_path": "/nix/store/yhcsz50lspsj0r0k2f5i46mhaag01a7q-vscode-1.118.1"
        }
      }
    },
    "werf@2.63.1": {
      "last_modified": "2026-04-16T08:46:55Z",
      "resolved": "github:NixOS/nixpkgs/b86751bc4085f48661017fa226dee99fab6c651b#werf",
      "source": "devbox-search",
      "version": "2.63.1",
      "systems": {
        "aarch64-darwin": {
          "outputs": [
            {
              "name": "out",
              "path": "/nix/store/wnfzygcaqnpn1a3iqrin2bwif1f2gzza-werf-2.63.1",
              "default": true
            }
          ],
          "store_path": "/nix/store/wnfzygcaqnpn1a3iqrin2bwif1f2gzza-werf-2.63.1"
        },
        "aarch64-linux": {
          "outputs": [
            {
              "name": "out",
              "path": "/nix/store/fs98zvhr3vl9c4429b5ha49m0zg7qw8w-werf-2.63.1",
              "default": true
            }
          ],
          "store_path": "/nix/store/fs98zvhr3vl9c4429b5ha49m0zg7qw8w-werf-2.63.1"
        },
        "x86_64-darwin": {
          "outputs": [
            {
              "name": "out",
              "path": "/nix/store/czdf12j8dcwyqghjv952x6mpb62nlqjf-werf-2.63.1",
              "default": true
            }
          ],
          "store_path": "/nix/store/czdf12j8dcwyqghjv952x6mpb62nlqjf-werf-2.63.1"
        },
        "x86_64-linux": {
          "outputs": [
            {
              "name": "out",
              "path": "/nix/store/453jkl45kpg538jv0bv21s7gvqx1whiz-werf-2.63.1",
              "default": true
            }
          ],
          "store_path": "/nix/store/453jkl45kpg538jv0bv21s7gvqx1whiz-werf-2.63.1"
        }
      }
    },
    "zig@latest": {
      "last_modified": "2026-04-23T13:07:47Z",
      "resolved": "github:NixOS/nixpkgs/01fbdeef22b76df85ea168fbfe1bfd9e63681b30#zig",
      "source": "devbox-search",
      "version": "0.16.0",
      "systems": {
        "aarch64-darwin": {
          "outputs": [
            {
              "name": "out",
              "path": "/nix/store/8fbny795qwfafb1cbpjn88pgpf1c4hy0-zig-0.16.0",
              "default": true
            },
            {
              "name": "doc",
              "path": "/nix/store/hm5rq50jvjkzzam0nq6z9yz9841v8xjz-zig-0.16.0-doc"
            }
          ],
          "store_path": "/nix/store/8fbny795qwfafb1cbpjn88pgpf1c4hy0-zig-0.16.0"
        },
        "aarch64-linux": {
          "outputs": [
            {
              "name": "out",
              "path": "/nix/store/pn72xkyssl6ma3l9h62l7dzjn6s7mi76-zig-0.16.0",
              "default": true
            },
            {
              "name": "doc",
              "path": "/nix/store/34mx1fjd6flr9gx1xaqiy7mfygy5vb5q-zig-0.16.0-doc"
            }
          ],
          "store_path": "/nix/store/pn72xkyssl6ma3l9h62l7dzjn6s7mi76-zig-0.16.0"
        },
        "x86_64-darwin": {
          "outputs": [
            {
              "name": "out",
              "path": "/nix/store/14aww3mndfd8196lhbigdcl7lmng9v89-zig-0.16.0",
              "default": true
            },
            {
              "name": "doc",
              "path": "/nix/store/wg9178c9qz9arswpw7sp1p873mfw2xrq-zig-0.16.0-doc"
            }
          ],
          "store_path": "/nix/store/14aww3mndfd8196lhbigdcl7lmng9v89-zig-0.16.0"
        },
        "x86_64-linux": {
          "outputs": [
            {
              "name": "out",
              "path": "/nix/store/5x5y75rc3l43ic0lwal6wzk7wi1ga3m1-zig-0.16.0",
              "default": true
            },
            {
              "name": "doc",
              "path": "/nix/store/m905p00gd6v9lmvfy44sz1arjydasmjq-zig-0.16.0-doc"
            }
          ],
          "store_path": "/nix/store/5x5y75rc3l43ic0lwal6wzk7wi1ga3m1-zig-0.16.0"
        }
      }
    },
    "zoxide@latest": {
      "last_modified": "2026-04-27T06:11:55Z",
      "resolved": "github:NixOS/nixpkgs/6368eda62c9775c38ef7f714b2555a741c20c72d#zoxide",
      "source": "devbox-search",
      "version": "0.9.9",
      "systems": {
        "aarch64-darwin": {
          "outputs": [
            {
              "name": "out",
              "path": "/nix/store/q7ip5lbraqhdmrhh1ql2y3x0xiv330vw-zoxide-0.9.9",
              "default": true
            }
          ],
          "store_path": "/nix/store/q7ip5lbraqhdmrhh1ql2y3x0xiv330vw-zoxide-0.9.9"
        },
        "aarch64-linux": {
          "outputs": [
            {
              "name": "out",
              "path": "/nix/store/1njig5065qmz9k8p8lcvf0jc0s7vhhgh-zoxide-0.9.9",
              "default": true
            }
          ],
          "store_path": "/nix/store/1njig5065qmz9k8p8lcvf0jc0s7vhhgh-zoxide-0.9.9"
        },
        "x86_64-darwin": {
          "outputs": [
            {
              "name": "out",
              "path": "/nix/store/9llfzp6ndf3wvp3ijbmcfaga9qr9g09m-zoxide-0.9.9",
              "default": true
            }
          ],
          "store_path": "/nix/store/9llfzp6ndf3wvp3ijbmcfaga9qr9g09m-zoxide-0.9.9"
        },
        "x86_64-linux": {
          "outputs": [
            {
              "name": "out",
              "path": "/nix/store/48wm0a2qb8q96fmlyj3cbfxj7h8bqfbf-zoxide-0.9.9",
              "default": true
            }
          ],
          "store_path": "/nix/store/48wm0a2qb8q96fmlyj3cbfxj7h8bqfbf-zoxide-0.9.9"
        }
      }
    }
  }
}
